// !$*UTF8*$!
{
	archiveVersion = 1;
	classes = {
	};
	objectVersion = 55;
	objects = {

/* Begin PBXBuildFile section */
		81AEDA3827A1A2160070716C /* DiscoverMapApp.swift in Sources */ = {isa = PBXBuildFile; fileRef = 81AEDA3727A1A2160070716C /* DiscoverMapApp.swift */; };
		81AEDA3A27A1A2160070716C /* ContentView.swift in Sources */ = {isa = PBXBuildFile; fileRef = 81AEDA3927A1A2160070716C /* ContentView.swift */; };
		81AEDA3F27A1A2180070716C /* Preview Assets.xcassets in Resources */ = {isa = PBXBuildFile; fileRef = 81AEDA3E27A1A2180070716C /* Preview Assets.xcassets */; };
		81AEDA4627A1A2A90070716C /* Assets.xcassets in Resources */ = {isa = PBXBuildFile; fileRef = 81AEDA4527A1A2A90070716C /* Assets.xcassets */; };
		81AEDA4B27A1A3F10070716C /* Location.swift in Sources */ = {isa = PBXBuildFile; fileRef = 81AEDA4A27A1A3F10070716C /* Location.swift */; };
		81AEDA4E27A1A45F0070716C /* LocationsDataService.swift in Sources */ = {isa = PBXBuildFile; fileRef = 81AEDA4D27A1A45F0070716C /* LocationsDataService.swift */; };
		81AEDA5027A1A64A0070716C /* LocationView.swift in Sources */ = {isa = PBXBuildFile; fileRef = 81AEDA4F27A1A64A0070716C /* LocationView.swift */; };
		81AEDA5227A1A7AF0070716C /* LocationViewModel.swift in Sources */ = {isa = PBXBuildFile; fileRef = 81AEDA5127A1A7AF0070716C /* LocationViewModel.swift */; };
		81AEDA5427A2AABC0070716C /* LocationListView.swift in Sources */ = {isa = PBXBuildFile; fileRef = 81AEDA5327A2AABC0070716C /* LocationListView.swift */; };
		81AEDA5627A2B9390070716C /* LocationPreviewView.swift in Sources */ = {isa = PBXBuildFile; fileRef = 81AEDA5527A2B9390070716C /* LocationPreviewView.swift */; };
		81AEDA5827A2C3450070716C /* LocationMapAnnotationView.swift in Sources */ = {isa = PBXBuildFile; fileRef = 81AEDA5727A2C3450070716C /* LocationMapAnnotationView.swift */; };
		81AEDA5A27A360980070716C /* LocationDetailView.swift in Sources */ = {isa = PBXBuildFile; fileRef = 81AEDA5927A360980070716C /* LocationDetailView.swift */; };
/* End PBXBuildFile section */

/* Begin PBXFileReference section */
		81AEDA3427A1A2160070716C /* DiscoverMap.app */ = {isa = PBXFileReference; explicitFileType = wrapper.application; includeInIndex = 0; path = DiscoverMap.app; sourceTree = BUILT_PRODUCTS_DIR; };
		81AEDA3727A1A2160070716C /* DiscoverMapApp.swift */ = {isa = PBXFileReference; lastKnownFileType = sourcecode.swift; path = DiscoverMapApp.swift; sourceTree = "<group>"; };
		81AEDA3927A1A2160070716C /* ContentView.swift */ = {isa = PBXFileReference; lastKnownFileType = sourcecode.swift; path = ContentView.swift; sourceTree = "<group>"; };
		81AEDA3E27A1A2180070716C /* Preview Assets.xcassets */ = {isa = PBXFileReference; lastKnownFileType = folder.assetcatalog; path = "Preview Assets.xcassets"; sourceTree = "<group>"; };
		81AEDA4527A1A2A90070716C /* Assets.xcassets */ = {isa = PBXFileReference; lastKnownFileType = folder.assetcatalog; path = Assets.xcassets; sourceTree = "<group>"; };
		81AEDA4A27A1A3F10070716C /* Location.swift */ = {isa = PBXFileReference; lastKnownFileType = sourcecode.swift; path = Location.swift; sourceTree = "<group>"; };
		81AEDA4D27A1A45F0070716C /* LocationsDataService.swift */ = {isa = PBXFileReference; fileEncoding = 4; lastKnownFileType = sourcecode.swift; path = LocationsDataService.swift; sourceTree = "<group>"; };
		81AEDA4F27A1A64A0070716C /* LocationView.swift */ = {isa = PBXFileReference; lastKnownFileType = sourcecode.swift; path = LocationView.swift; sourceTree = "<group>"; };
		81AEDA5127A1A7AF0070716C /* LocationViewModel.swift */ = {isa = PBXFileReference; lastKnownFileType = sourcecode.swift; path = LocationViewModel.swift; sourceTree = "<group>"; };
		81AEDA5327A2AABC0070716C /* LocationListView.swift */ = {isa = PBXFileReference; lastKnownFileType = sourcecode.swift; path = LocationListView.swift; sourceTree = "<group>"; };
		81AEDA5527A2B9390070716C /* LocationPreviewView.swift */ = {isa = PBXFileReference; lastKnownFileType = sourcecode.swift; path = LocationPreviewView.swift; sourceTree = "<group>"; };
		81AEDA5727A2C3450070716C /* LocationMapAnnotationView.swift */ = {isa = PBXFileReference; lastKnownFileType = sourcecode.swift; path = LocationMapAnnotationView.swift; sourceTree = "<group>"; };
		81AEDA5927A360980070716C /* LocationDetailView.swift */ = {isa = PBXFileReference; lastKnownFileType = sourcecode.swift; path = LocationDetailView.swift; sourceTree = "<group>"; };
		81F4ECB627A3F9A000153F7C /* Info.plist */ = {isa = PBXFileReference; lastKnownFileType = text.plist; path = Info.plist; sourceTree = "<group>"; };
/* End PBXFileReference section */

/* Begin PBXFrameworksBuildPhase section */
		81AEDA3127A1A2160070716C /* Frameworks */ = {
			isa = PBXFrameworksBuildPhase;
			buildActionMask = 2147483647;
			files = (
			);
			runOnlyForDeploymentPostprocessing = 0;
		};
/* End PBXFrameworksBuildPhase section */

/* Begin PBXGroup section */
		81AEDA2B27A1A2160070716C = {
			isa = PBXGroup;
			children = (
				81AEDA3627A1A2160070716C /* DiscoverMap */,
				81AEDA3527A1A2160070716C /* Products */,
			);
			sourceTree = "<group>";
		};
		81AEDA3527A1A2160070716C /* Products */ = {
			isa = PBXGroup;
			children = (
				81AEDA3427A1A2160070716C /* DiscoverMap.app */,
			);
			name = Products;
			sourceTree = "<group>";
		};
		81AEDA3627A1A2160070716C /* DiscoverMap */ = {
			isa = PBXGroup;
			children = (
				81F4ECB627A3F9A000153F7C /* Info.plist */,
				81AEDA3727A1A2160070716C /* DiscoverMapApp.swift */,
				81AEDA3927A1A2160070716C /* ContentView.swift */,
				81AEDA4C27A1A4430070716C /* DataServices */,
				81AEDA4827A1A3520070716C /* Views */,
				81AEDA4927A1A3560070716C /* ViewModels */,
				81AEDA4727A1A34F0070716C /* Models */,
				81AEDA4527A1A2A90070716C /* Assets.xcassets */,
				81AEDA3D27A1A2180070716C /* Preview Content */,
			);
			path = DiscoverMap;
			sourceTree = "<group>";
		};
		81AEDA3D27A1A2180070716C /* Preview Content */ = {
			isa = PBXGroup;
			children = (
				81AEDA3E27A1A2180070716C /* Preview Assets.xcassets */,
			);
			path = "Preview Content";
			sourceTree = "<group>";
		};
		81AEDA4727A1A34F0070716C /* Models */ = {
			isa = PBXGroup;
			children = (
				81AEDA4A27A1A3F10070716C /* Location.swift */,
			);
			path = Models;
			sourceTree = "<group>";
		};
		81AEDA4827A1A3520070716C /* Views */ = {
			isa = PBXGroup;
			children = (
				81AEDA4F27A1A64A0070716C /* LocationView.swift */,
				81AEDA5327A2AABC0070716C /* LocationListView.swift */,
				81AEDA5527A2B9390070716C /* LocationPreviewView.swift */,
				81AEDA5727A2C3450070716C /* LocationMapAnnotationView.swift */,
				81AEDA5927A360980070716C /* LocationDetailView.swift */,
			);
			path = Views;
			sourceTree = "<group>";
		};
		81AEDA4927A1A3560070716C /* ViewModels */ = {
			isa = PBXGroup;
			children = (
				81AEDA5127A1A7AF0070716C /* LocationViewModel.swift */,
			);
			path = ViewModels;
			sourceTree = "<group>";
		};
		81AEDA4C27A1A4430070716C /* DataServices */ = {
			isa = PBXGroup;
			children = (
				81AEDA4D27A1A45F0070716C /* LocationsDataService.swift */,
			);
			path = DataServices;
			sourceTree = "<group>";
		};
/* End PBXGroup section */

/* Begin PBXNativeTarget section */
		81AEDA3327A1A2160070716C /* DiscoverMap */ = {
			isa = PBXNativeTarget;
			buildConfigurationList = 81AEDA4227A1A2180070716C /* Build configuration list for PBXNativeTarget "DiscoverMap" */;
			buildPhases = (
				81AEDA3027A1A2160070716C /* Sources */,
				81AEDA3127A1A2160070716C /* Frameworks */,
				81AEDA3227A1A2160070716C /* Resources */,
			);
			buildRules = (
			);
			dependencies = (
			);
			name = DiscoverMap;
			productName = DiscoverMap;
			productReference = 81AEDA3427A1A2160070716C /* DiscoverMap.app */;
			productType = "com.apple.product-type.application";
		};
/* End PBXNativeTarget section */

/* Begin PBXProject section */
		81AEDA2C27A1A2160070716C /* Project object */ = {
			isa = PBXProject;
			attributes = {
				BuildIndependentTargetsInParallel = 1;
				LastSwiftUpdateCheck = 1320;
				LastUpgradeCheck = 1320;
				TargetAttributes = {
					81AEDA3327A1A2160070716C = {
						CreatedOnToolsVersion = 13.2.1;
					};
				};
			};
			buildConfigurationList = 81AEDA2F27A1A2160070716C /* Build configuration list for PBXProject "DiscoverMap" */;
			compatibilityVersion = "Xcode 13.0";
			developmentRegion = en;
			hasScannedForEncodings = 0;
			knownRegions = (
				en,
				Base,
			);
			mainGroup = 81AEDA2B27A1A2160070716C;
			productRefGroup = 81AEDA3527A1A2160070716C /* Products */;
			projectDirPath = "";
			projectRoot = "";
			targets = (
				81AEDA3327A1A2160070716C /* DiscoverMap */,
			);
		};
/* End PBXProject section */

/* Begin PBXResourcesBuildPhase section */
		81AEDA3227A1A2160070716C /* Resources */ = {
			isa = PBXResourcesBuildPhase;
			buildActionMask = 2147483647;
			files = (
				81AEDA4627A1A2A90070716C /* Assets.xcassets in Resources */,
				81AEDA3F27A1A2180070716C /* Preview Assets.xcassets in Resources */,
			);
			runOnlyForDeploymentPostprocessing = 0;
		};
/* End PBXResourcesBuildPhase section */

/* Begin PBXSourcesBuildPhase section */
		81AEDA3027A1A2160070716C /* Sources */ = {
			isa = PBXSourcesBuildPhase;
			buildActionMask = 2147483647;
			files = (
				81AEDA4E27A1A45F0070716C /* LocationsDataService.swift in Sources */,
				81AEDA5827A2C3450070716C /* LocationMapAnnotationView.swift in Sources */,
				81AEDA5227A1A7AF0070716C /* LocationViewModel.swift in Sources */,
				81AEDA5627A2B9390070716C /* LocationPreviewView.swift in Sources */,
				81AEDA3A27A1A2160070716C /* ContentView.swift in Sources */,
				81AEDA5027A1A64A0070716C /* LocationView.swift in Sources */,
				81AEDA5427A2AABC0070716C /* LocationListView.swift in Sources */,
				81AEDA4B27A1A3F10070716C /* Location.swift in Sources */,
				81AEDA5A27A360980070716C /* LocationDetailView.swift in Sources */,
				81AEDA3827A1A2160070716C /* DiscoverMapApp.swift in Sources */,
			);
			runOnlyForDeploymentPostprocessing = 0;
		};
/* End PBXSourcesBuildPhase section */

/* Begin XCBuildConfiguration section */
		81AEDA4027A1A2180070716C /* Debug */ = {
			isa = XCBuildConfiguration;
			buildSettings = {
				ALWAYS_SEARCH_USER_PATHS = NO;
				CLANG_ANALYZER_NONNULL = YES;
				CLANG_ANALYZER_NUMBER_OBJECT_CONVERSION = YES_AGGRESSIVE;
				CLANG_CXX_LANGUAGE_STANDARD = "gnu++17";
				CLANG_CXX_LIBRARY = "libc++";
				CLANG_ENABLE_MODULES = YES;
				CLANG_ENABLE_OBJC_ARC = YES;
				CLANG_ENABLE_OBJC_WEAK = YES;
				CLANG_WARN_BLOCK_CAPTURE_AUTORELEASING = YES;
				CLANG_WARN_BOOL_CONVERSION = YES;
				CLANG_WARN_COMMA = YES;
				CLANG_WARN_CONSTANT_CONVERSION = YES;
				CLANG_WARN_DEPRECATED_OBJC_IMPLEMENTATIONS = YES;
				CLANG_WARN_DIRECT_OBJC_ISA_USAGE = YES_ERROR;
				CLANG_WARN_DOCUMENTATION_COMMENTS = YES;
				CLANG_WARN_EMPTY_BODY = YES;
				CLANG_WARN_ENUM_CONVERSION = YES;
				CLANG_WARN_INFINITE_RECURSION = YES;
				CLANG_WARN_INT_CONVERSION = YES;
				CLANG_WARN_NON_LITERAL_NULL_CONVERSION = YES;
				CLANG_WARN_OBJC_IMPLICIT_RETAIN_SELF = YES;
				CLANG_WARN_OBJC_LITERAL_CONVERSION = YES;
				CLANG_WARN_OBJC_ROOT_CLASS = YES_ERROR;
				CLANG_WARN_QUOTED_INCLUDE_IN_FRAMEWORK_HEADER = YES;
				CLANG_WARN_RANGE_LOOP_ANALYSIS = YES;
				CLANG_WARN_STRICT_PROTOTYPES = YES;
				CLANG_WARN_SUSPICIOUS_MOVE = YES;
				CLANG_WARN_UNGUARDED_AVAILABILITY = YES_AGGRESSIVE;
				CLANG_WARN_UNREACHABLE_CODE = YES;
				CLANG_WARN__DUPLICATE_METHOD_MATCH = YES;
				COPY_PHASE_STRIP = NO;
				DEBUG_INFORMATION_FORMAT = dwarf;
				ENABLE_STRICT_OBJC_MSGSEND = YES;
				ENABLE_TESTABILITY = YES;
				GCC_C_LANGUAGE_STANDARD = gnu11;
				GCC_DYNAMIC_NO_PIC = NO;
				GCC_NO_COMMON_BLOCKS = YES;
				GCC_OPTIMIZATION_LEVEL = 0;
				GCC_PREPROCESSOR_DEFINITIONS = (
					"DEBUG=1",
					"$(inherited)",
				);
				GCC_WARN_64_TO_32_BIT_CONVERSION = YES;
				GCC_WARN_ABOUT_RETURN_TYPE = YES_ERROR;
				GCC_WARN_UNDECLARED_SELECTOR = YES;
				GCC_WARN_UNINITIALIZED_AUTOS = YES_AGGRESSIVE;
				GCC_WARN_UNUSED_FUNCTION = YES;
				GCC_WARN_UNUSED_VARIABLE = YES;
				IPHONEOS_DEPLOYMENT_TARGET = 15.2;
				MTL_ENABLE_DEBUG_INFO = INCLUDE_SOURCE;
				MTL_FAST_MATH = YES;
				ONLY_ACTIVE_ARCH = YES;
				SDKROOT = iphoneos;
				SWIFT_ACTIVE_COMPILATION_CONDITIONS = DEBUG;
				SWIFT_OPTIMIZATION_LEVEL = "-Onone";
			};
			name = Debug;
		};
		81AEDA4127A1A2180070716C /* Release */ = {
			isa = XCBuildConfiguration;
			buildSettings = {
				ALWAYS_SEARCH_USER_PATHS = NO;
				CLANG_ANALYZER_NONNULL = YES;
				CLANG_ANALYZER_NUMBER_OBJECT_CONVERSION = YES_AGGRESSIVE;
				CLANG_CXX_LANGUAGE_STANDARD = "gnu++17";
				CLANG_CXX_LIBRARY = "libc++";
				CLANG_ENABLE_MODULES = YES;
				CLANG_ENABLE_OBJC_ARC = YES;
				CLANG_ENABLE_OBJC_WEAK = YES;
				CLANG_WARN_BLOCK_CAPTURE_AUTORELEASING = YES;
				CLANG_WARN_BOOL_CONVERSION = YES;
				CLANG_WARN_COMMA = YES;
				CLANG_WARN_CONSTANT_CONVERSION = YES;
				CLANG_WARN_DEPRECATED_OBJC_IMPLEMENTATIONS = YES;
				CLANG_WARN_DIRECT_OBJC_ISA_USAGE = YES_ERROR;
				CLANG_WARN_DOCUMENTATION_COMMENTS = YES;
				CLANG_WARN_EMPTY_BODY = YES;
				CLANG_WARN_ENUM_CONVERSION = YES;
				CLANG_WARN_INFINITE_RECURSION = YES;
				CLANG_WARN_INT_CONVERSION = YES;
				CLANG_WARN_NON_LITERAL_NULL_CONVERSION = YES;
				CLANG_WARN_OBJC_IMPLICIT_RETAIN_SELF = YES;
				CLANG_WARN_OBJC_LITERAL_CONVERSION = YES;
				CLANG_WARN_OBJC_ROOT_CLASS = YES_ERROR;
				CLANG_WARN_QUOTED_INCLUDE_IN_FRAMEWORK_HEADER = YES;
				CLANG_WARN_RANGE_LOOP_ANALYSIS = YES;
				CLANG_WARN_STRICT_PROTOTYPES = YES;
				CLANG_WARN_SUSPICIOUS_MOVE = YES;
				CLANG_WARN_UNGUARDED_AVAILABILITY = YES_AGGRESSIVE;
				CLANG_WARN_UNREACHABLE_CODE = YES;
				CLANG_WARN__DUPLICATE_METHOD_MATCH = YES;
				COPY_PHASE_STRIP = NO;
				DEBUG_INFORMATION_FORMAT = "dwarf-with-dsym";
				ENABLE_NS_ASSERTIONS = NO;
				ENABLE_STRICT_OBJC_MSGSEND = YES;
				GCC_C_LANGUAGE_STANDARD = gnu11;
				GCC_NO_COMMON_BLOCKS = YES;
				GCC_WARN_64_TO_32_BIT_CONVERSION = YES;
				GCC_WARN_ABOUT_RETURN_TYPE = YES_ERROR;
				GCC_WARN_UNDECLARED_SELECTOR = YES;
				GCC_WARN_UNINITIALIZED_AUTOS = YES_AGGRESSIVE;
				GCC_WARN_UNUSED_FUNCTION = YES;
				GCC_WARN_UNUSED_VARIABLE = YES;
				IPHONEOS_DEPLOYMENT_TARGET = 15.2;
				MTL_ENABLE_DEBUG_INFO = NO;
				MTL_FAST_MATH = YES;
				SDKROOT = iphoneos;
				SWIFT_COMPILATION_MODE = wholemodule;
				SWIFT_OPTIMIZATION_LEVEL = "-O";
				VALIDATE_PRODUCT = YES;
			};
			name = Release;
		};
		81AEDA4327A1A2180070716C /* Debug */ = {
			isa = XCBuildConfiguration;
			buildSettings = {
				ASSETCATALOG_COMPILER_APPICON_NAME = AppIcon;
				ASSETCATALOG_COMPILER_GLOBAL_ACCENT_COLOR_NAME = AccentColor;
				CODE_SIGN_STYLE = Automatic;
				CURRENT_PROJECT_VERSION = 1;
				DEVELOPMENT_ASSET_PATHS = "\"DiscoverMap/Preview Content\"";
				ENABLE_PREVIEWS = YES;
				GENERATE_INFOPLIST_FILE = YES;
				INFOPLIST_FILE = DiscoverMap/Info.plist;
				INFOPLIST_KEY_CFBundleDisplayName = Discover;
				INFOPLIST_KEY_UIApplicationSceneManifest_Generation = YES;
				INFOPLIST_KEY_UIApplicationSupportsIndirectInputEvents = YES;
				INFOPLIST_KEY_UISupportedInterfaceOrientations = UIInterfaceOrientationPortrait;
				INFOPLIST_KEY_UISupportedInterfaceOrientations_iPad = "UIInterfaceOrientationPortrait UIInterfaceOrientationPortraitUpsideDown UIInterfaceOrientationLandscapeLeft UIInterfaceOrientationLandscapeRight";
				INFOPLIST_KEY_UISupportedInterfaceOrientations_iPhone = UIInterfaceOrientationPortrait;
				LD_RUNPATH_SEARCH_PATHS = (
					"$(inherited)",
					"@executable_path/Frameworks",
				);
				MARKETING_VERSION = 1.0;
				PRODUCT_BUNDLE_IDENTIFIER = com.florianto.DiscoverMap;
				PRODUCT_NAME = "$(TARGET_NAME)";
				SWIFT_EMIT_LOC_STRINGS = YES;
				SWIFT_VERSION = 5.0;
				TARGETED_DEVICE_FAMILY = "1,2";
			};
			name = Debug;
		};
		81AEDA4427A1A2180070716C /* Release */ = {
			isa = XCBuildConfiguration;
			buildSettings = {
				ASSETCATALOG_COMPILER_APPICON_NAME = AppIcon;
				ASSETCATALOG_COMPILER_GLOBAL_ACCENT_COLOR_NAME = AccentColor;
				CODE_SIGN_STYLE = Automatic;
				CURRENT_PROJECT_VERSION = 1;
				DEVELOPMENT_ASSET_PATHS = "\"DiscoverMap/Preview Content\"";
				ENABLE_PREVIEWS = YES;
				GENERATE_INFOPLIST_FILE = YES;
				INFOPLIST_FILE = DiscoverMap/Info.plist;
				INFOPLIST_KEY_CFBundleDisplayName = Discover;
				INFOPLIST_KEY_UIApplicationSceneManifest_Generation = YES;
				INFOPLIST_KEY_UIApplicationSupportsIndirectInputEvents = YES;
				INFOPLIST_KEY_UISupportedInterfaceOrientations = UIInterfaceOrientationPortrait;
				INFOPLIST_KEY_UISupportedInterfaceOrientations_iPad = "UIInterfaceOrientationPortrait UIInterfaceOrientationPortraitUpsideDown UIInterfaceOrientationLandscapeLeft UIInterfaceOrientationLandscapeRight";
				INFOPLIST_KEY_UISupportedInterfaceOrientations_iPhone = UIInterfaceOrientationPortrait;
				LD_RUNPATH_SEARCH_PATHS = (
					"$(inherited)",
					"@executable_path/Frameworks",
				);
				MARKETING_VERSION = 1.0;
				PRODUCT_BUNDLE_IDENTIFIER = com.florianto.DiscoverMap;
				PRODUCT_NAME = "$(TARGET_NAME)";
				SWIFT_EMIT_LOC_STRINGS = YES;
				SWIFT_VERSION = 5.0;
				TARGETED_DEVICE_FAMILY = "1,2";
			};
			name = Release;
		};
/* End XCBuildConfiguration section */

/* Begin XCConfigurationList section */
		81AEDA2F27A1A2160070716C /* Build configuration list for PBXProject "DiscoverMap" */ = {
			isa = XCConfigurationList;
			buildConfigurations = (
				81AEDA4027A1A2180070716C /* Debug */,
				81AEDA4127A1A2180070716C /* Release */,
			);
			defaultConfigurationIsVisible = 0;
			defaultConfigurationName = Release;
		};
		81AEDA4227A1A2180070716C /* Build configuration list for PBXNativeTarget "DiscoverMap" */ = {
			isa = XCConfigurationList;
			buildConfigurations = (
				81AEDA4327A1A2180070716C /* Debug */,
				81AEDA4427A1A2180070716C /* Release */,
			);
			defaultConfigurationIsVisible = 0;
			defaultConfigurationName = Release;
		};
/* End XCConfigurationList section */
	};
	rootObject = 81AEDA2C27A1A2160070716C /* Project object */;
}
